
Microsoft Visual Studio Solution File, Format Version 12.00
# Visual Studio Version 16
VisualStudioVersion = 16.0.30907.101
MinimumVisualStudioVersion = 10.0.40219.1
Project("{FAE04EC0-301F-11D3-BF4B-00C04F79EFBC}") = "KampOdev_05_GameSeller", "KampOdev_05_GameSeller\KampOdev_05_GameSeller.csproj", "{10F8D8DC-563D-444C-BE05-6BB359AB5F5A}"
EndProject
Global
	GlobalSection(SolutionConfigurationPlatforms) = preSolution
		Debug|Any CPU = Debug|Any CPU
		Release|Any CPU = Release|Any CPU
	EndGlobalSection
	GlobalSection(ProjectConfigurationPlatforms) = postSolution
		{10F8D8DC-563D-444C-BE05-6BB359AB5F5A}.Debug|Any CPU.ActiveCfg = Debug|Any CPU
		{10F8D8DC-563D-444C-BE05-6BB359AB5F5A}.Debug|Any CPU.Build.0 = Debug|Any CPU
		{10F8D8DC-563D-444C-BE05-6BB359AB5F5A}.Release|Any CPU.ActiveCfg = Release|Any CPU
		{10F8D8DC-563D-444C-BE05-6BB359AB5F5A}.Release|Any CPU.Build.0 = Release|Any CPU
	EndGlobalSection
	GlobalSection(SolutionProperties) = preSolution
		HideSolutionNode = FALSE
	EndGlobalSection
	GlobalSection(ExtensibilityGlobals) = postSolution
		SolutionGuid = {1DEB036A-8536-4559-87BA-9EE7FC719E3B}
	EndGlobalSection
EndGlobal
